
Microsoft Visual Studio Solution File, Format Version 12.00
Project("{FAE04EC0-301F-11D3-BF4B-00C04F79EFBC}") = "rustmodding", "rustmodding.csproj", "{6729FFB0-B7B0-45A9-90B4-3BF404858FF7}"
EndProject
Global
	GlobalSection(SolutionConfigurationPlatforms) = preSolution
		Debug|Any CPU = Debug|Any CPU
		Release|Any CPU = Release|Any CPU
	EndGlobalSection
	GlobalSection(ProjectConfigurationPlatforms) = postSolution
		{6729FFB0-B7B0-45A9-90B4-3BF404858FF7}.Debug|Any CPU.ActiveCfg = Debug|Any CPU
		{6729FFB0-B7B0-45A9-90B4-3BF404858FF7}.Debug|Any CPU.Build.0 = Debug|Any CPU
		{6729FFB0-B7B0-45A9-90B4-3BF404858FF7}.Release|Any CPU.ActiveCfg = Release|Any CPU
		{6729FFB0-B7B0-45A9-90B4-3BF404858FF7}.Release|Any CPU.Build.0 = Release|Any CPU
	EndGlobalSection
EndGlobal
